// !$*UTF8*$!
{
	archiveVersion = 1;
	classes = {
	};
	objectVersion = 50;
	objects = {

/* Begin PBXBuildFile section */
		4224A6E4230A8A900038DA83 /* AppDelegate.swift in Sources */ = {isa = PBXBuildFile; fileRef = 4224A6E3230A8A900038DA83 /* AppDelegate.swift */; };
		4224A6E6230A8A900038DA83 /* ViewController.swift in Sources */ = {isa = PBXBuildFile; fileRef = 4224A6E5230A8A900038DA83 /* ViewController.swift */; };
		4224A6E9230A8A900038DA83 /* Main.storyboard in Resources */ = {isa = PBXBuildFile; fileRef = 4224A6E7230A8A900038DA83 /* Main.storyboard */; };
		4224A6EB230A8A910038DA83 /* Assets.xcassets in Resources */ = {isa = PBXBuildFile; fileRef = 4224A6EA230A8A910038DA83 /* Assets.xcassets */; };
		4224A6EE230A8A910038DA83 /* LaunchScreen.storyboard in Resources */ = {isa = PBXBuildFile; fileRef = 4224A6EC230A8A910038DA83 /* LaunchScreen.storyboard */; };
		4224A6F9230A8A920038DA83 /* typesettingTests.swift in Sources */ = {isa = PBXBuildFile; fileRef = 4224A6F8230A8A920038DA83 /* typesettingTests.swift */; };
		4224A704230A8A920038DA83 /* typesettingUITests.swift in Sources */ = {isa = PBXBuildFile; fileRef = 4224A703230A8A920038DA83 /* typesettingUITests.swift */; };
		4224A74C230AC0AD0038DA83 /* TableViewCell.swift in Sources */ = {isa = PBXBuildFile; fileRef = 4224A74B230AC0AD0038DA83 /* TableViewCell.swift */; };
		4DF438D5230BEDD5005FD1B0 /* Telephone.swift in Sources */ = {isa = PBXBuildFile; fileRef = 4DF438D4230BEDD5005FD1B0 /* Telephone.swift */; };
/* End PBXBuildFile section */

/* Begin PBXContainerItemProxy section */
		4224A6F5230A8A920038DA83 /* PBXContainerItemProxy */ = {
			isa = PBXContainerItemProxy;
			containerPortal = 4224A6D8230A8A900038DA83 /* Project object */;
			proxyType = 1;
			remoteGlobalIDString = 4224A6DF230A8A900038DA83;
			remoteInfo = typesetting;
		};
		4224A700230A8A920038DA83 /* PBXContainerItemProxy */ = {
			isa = PBXContainerItemProxy;
			containerPortal = 4224A6D8230A8A900038DA83 /* Project object */;
			proxyType = 1;
			remoteGlobalIDString = 4224A6DF230A8A900038DA83;
			remoteInfo = typesetting;
		};
/* End PBXContainerItemProxy section */

/* Begin PBXFileReference section */
		4224A6E0230A8A900038DA83 /* typesetting.app */ = {isa = PBXFileReference; explicitFileType = wrapper.application; includeInIndex = 0; path = typesetting.app; sourceTree = BUILT_PRODUCTS_DIR; };
		4224A6E3230A8A900038DA83 /* AppDelegate.swift */ = {isa = PBXFileReference; lastKnownFileType = sourcecode.swift; path = AppDelegate.swift; sourceTree = "<group>"; };
		4224A6E5230A8A900038DA83 /* ViewController.swift */ = {isa = PBXFileReference; lastKnownFileType = sourcecode.swift; path = ViewController.swift; sourceTree = "<group>"; };
		4224A6E8230A8A900038DA83 /* Base */ = {isa = PBXFileReference; lastKnownFileType = file.storyboard; name = Base; path = Base.lproj/Main.storyboard; sourceTree = "<group>"; };
		4224A6EA230A8A910038DA83 /* Assets.xcassets */ = {isa = PBXFileReference; lastKnownFileType = folder.assetcatalog; path = Assets.xcassets; sourceTree = "<group>"; };
		4224A6ED230A8A910038DA83 /* Base */ = {isa = PBXFileReference; lastKnownFileType = file.storyboard; name = Base; path = Base.lproj/LaunchScreen.storyboard; sourceTree = "<group>"; };
		4224A6EF230A8A910038DA83 /* Info.plist */ = {isa = PBXFileReference; lastKnownFileType = text.plist.xml; path = Info.plist; sourceTree = "<group>"; };
		4224A6F4230A8A920038DA83 /* typesettingTests.xctest */ = {isa = PBXFileReference; explicitFileType = wrapper.cfbundle; includeInIndex = 0; path = typesettingTests.xctest; sourceTree = BUILT_PRODUCTS_DIR; };
		4224A6F8230A8A920038DA83 /* typesettingTests.swift */ = {isa = PBXFileReference; lastKnownFileType = sourcecode.swift; path = typesettingTests.swift; sourceTree = "<group>"; };
		4224A6FA230A8A920038DA83 /* Info.plist */ = {isa = PBXFileReference; lastKnownFileType = text.plist.xml; path = Info.plist; sourceTree = "<group>"; };
		4224A6FF230A8A920038DA83 /* typesettingUITests.xctest */ = {isa = PBXFileReference; explicitFileType = wrapper.cfbundle; includeInIndex = 0; path = typesettingUITests.xctest; sourceTree = BUILT_PRODUCTS_DIR; };
		4224A703230A8A920038DA83 /* typesettingUITests.swift */ = {isa = PBXFileReference; lastKnownFileType = sourcecode.swift; path = typesettingUITests.swift; sourceTree = "<group>"; };
		4224A705230A8A920038DA83 /* Info.plist */ = {isa = PBXFileReference; lastKnownFileType = text.plist.xml; path = Info.plist; sourceTree = "<group>"; };
		4224A74B230AC0AD0038DA83 /* TableViewCell.swift */ = {isa = PBXFileReference; lastKnownFileType = sourcecode.swift; path = TableViewCell.swift; sourceTree = "<group>"; };
		4DF438D4230BEDD5005FD1B0 /* Telephone.swift */ = {isa = PBXFileReference; lastKnownFileType = sourcecode.swift; path = Telephone.swift; sourceTree = "<group>"; };
		92A002E6230C70B7003C5D9C /* SFProDisplay.ttf */ = {isa = PBXFileReference; lastKnownFileType = file; path = SFProDisplay.ttf; sourceTree = "<group>"; };
		92A002E7230C7333003C5D9C /* SFProDisplay-Bold.ttf */ = {isa = PBXFileReference; lastKnownFileType = file; path = "SFProDisplay-Bold.ttf"; sourceTree = "<group>"; };
/* End PBXFileReference section */

/* Begin PBXFrameworksBuildPhase section */
		4224A6DD230A8A900038DA83 /* Frameworks */ = {
			isa = PBXFrameworksBuildPhase;
			buildActionMask = 2147483647;
			files = (
			);
			runOnlyForDeploymentPostprocessing = 0;
		};
		4224A6F1230A8A920038DA83 /* Frameworks */ = {
			isa = PBXFrameworksBuildPhase;
			buildActionMask = 2147483647;
			files = (
			);
			runOnlyForDeploymentPostprocessing = 0;
		};
		4224A6FC230A8A920038DA83 /* Frameworks */ = {
			isa = PBXFrameworksBuildPhase;
			buildActionMask = 2147483647;
			files = (
			);
			runOnlyForDeploymentPostprocessing = 0;
		};
/* End PBXFrameworksBuildPhase section */

/* Begin PBXGroup section */
		4224A6D7230A8A900038DA83 = {
			isa = PBXGroup;
			children = (
				4224A6E2230A8A900038DA83 /* typesetting */,
				4224A6F7230A8A920038DA83 /* typesettingTests */,
				4224A702230A8A920038DA83 /* typesettingUITests */,
				4224A6E1230A8A900038DA83 /* Products */,
			);
			sourceTree = "<group>";
		};
		4224A6E1230A8A900038DA83 /* Products */ = {
			isa = PBXGroup;
			children = (
				4224A6E0230A8A900038DA83 /* typesetting.app */,
				4224A6F4230A8A920038DA83 /* typesettingTests.xctest */,
				4224A6FF230A8A920038DA83 /* typesettingUITests.xctest */,
			);
			name = Products;
			sourceTree = "<group>";
		};
		4224A6E2230A8A900038DA83 /* typesetting */ = {
			isa = PBXGroup;
			children = (
				4224A6E3230A8A900038DA83 /* AppDelegate.swift */,
				4224A6E5230A8A900038DA83 /* ViewController.swift */,
				4DF438D4230BEDD5005FD1B0 /* Telephone.swift */,
				4224A74B230AC0AD0038DA83 /* TableViewCell.swift */,
				4224A6E7230A8A900038DA83 /* Main.storyboard */,
				4224A6EA230A8A910038DA83 /* Assets.xcassets */,
				4224A6EC230A8A910038DA83 /* LaunchScreen.storyboard */,
				4224A6EF230A8A910038DA83 /* Info.plist */,
				92A002E6230C70B7003C5D9C /* SFProDisplay.ttf */,
				92A002E7230C7333003C5D9C /* SFProDisplay-Bold.ttf */,
			);
			path = typesetting;
			sourceTree = "<group>";
		};
		4224A6F7230A8A920038DA83 /* typesettingTests */ = {
			isa = PBXGroup;
			children = (
				4224A6F8230A8A920038DA83 /* typesettingTests.swift */,
				4224A6FA230A8A920038DA83 /* Info.plist */,
			);
			path = typesettingTests;
			sourceTree = "<group>";
		};
		4224A702230A8A920038DA83 /* typesettingUITests */ = {
			isa = PBXGroup;
			children = (
				4224A703230A8A920038DA83 /* typesettingUITests.swift */,
				4224A705230A8A920038DA83 /* Info.plist */,
			);
			path = typesettingUITests;
			sourceTree = "<group>";
		};
/* End PBXGroup section */

/* Begin PBXNativeTarget section */
		4224A6DF230A8A900038DA83 /* typesetting */ = {
			isa = PBXNativeTarget;
			buildConfigurationList = 4224A708230A8A920038DA83 /* Build configuration list for PBXNativeTarget "typesetting" */;
			buildPhases = (
				4224A6DC230A8A900038DA83 /* Sources */,
				4224A6DD230A8A900038DA83 /* Frameworks */,
				4224A6DE230A8A900038DA83 /* Resources */,
			);
			buildRules = (
			);
			dependencies = (
			);
			name = typesetting;
			productName = typesetting;
			productReference = 4224A6E0230A8A900038DA83 /* typesetting.app */;
			productType = "com.apple.product-type.application";
		};
		4224A6F3230A8A920038DA83 /* typesettingTests */ = {
			isa = PBXNativeTarget;
			buildConfigurationList = 4224A70B230A8A920038DA83 /* Build configuration list for PBXNativeTarget "typesettingTests" */;
			buildPhases = (
				4224A6F0230A8A920038DA83 /* Sources */,
				4224A6F1230A8A920038DA83 /* Frameworks */,
				4224A6F2230A8A920038DA83 /* Resources */,
			);
			buildRules = (
			);
			dependencies = (
				4224A6F6230A8A920038DA83 /* PBXTargetDependency */,
			);
			name = typesettingTests;
			productName = typesettingTests;
			productReference = 4224A6F4230A8A920038DA83 /* typesettingTests.xctest */;
			productType = "com.apple.product-type.bundle.unit-test";
		};
		4224A6FE230A8A920038DA83 /* typesettingUITests */ = {
			isa = PBXNativeTarget;
			buildConfigurationList = 4224A70E230A8A920038DA83 /* Build configuration list for PBXNativeTarget "typesettingUITests" */;
			buildPhases = (
				4224A6FB230A8A920038DA83 /* Sources */,
				4224A6FC230A8A920038DA83 /* Frameworks */,
				4224A6FD230A8A920038DA83 /* Resources */,
			);
			buildRules = (
			);
			dependencies = (
				4224A701230A8A920038DA83 /* PBXTargetDependency */,
			);
			name = typesettingUITests;
			productName = typesettingUITests;
			productReference = 4224A6FF230A8A920038DA83 /* typesettingUITests.xctest */;
			productType = "com.apple.product-type.bundle.ui-testing";
		};
/* End PBXNativeTarget section */

/* Begin PBXProject section */
		4224A6D8230A8A900038DA83 /* Project object */ = {
			isa = PBXProject;
			attributes = {
				LastSwiftUpdateCheck = 1030;
				LastUpgradeCheck = 1030;
				ORGANIZATIONNAME = Lisa;
				TargetAttributes = {
					4224A6DF230A8A900038DA83 = {
						CreatedOnToolsVersion = 10.3;
					};
					4224A6F3230A8A920038DA83 = {
						CreatedOnToolsVersion = 10.3;
						TestTargetID = 4224A6DF230A8A900038DA83;
					};
					4224A6FE230A8A920038DA83 = {
						CreatedOnToolsVersion = 10.3;
						TestTargetID = 4224A6DF230A8A900038DA83;
					};
				};
			};
			buildConfigurationList = 4224A6DB230A8A900038DA83 /* Build configuration list for PBXProject "typesetting" */;
			compatibilityVersion = "Xcode 9.3";
			developmentRegion = en;
			hasScannedForEncodings = 0;
			knownRegions = (
				en,
				Base,
			);
			mainGroup = 4224A6D7230A8A900038DA83;
			productRefGroup = 4224A6E1230A8A900038DA83 /* Products */;
			projectDirPath = "";
			projectRoot = "";
			targets = (
				4224A6DF230A8A900038DA83 /* typesetting */,
				4224A6F3230A8A920038DA83 /* typesettingTests */,
				4224A6FE230A8A920038DA83 /* typesettingUITests */,
			);
		};
/* End PBXProject section */

/* Begin PBXResourcesBuildPhase section */
		4224A6DE230A8A900038DA83 /* Resources */ = {
			isa = PBXResourcesBuildPhase;
			buildActionMask = 2147483647;
			files = (
				4224A6EE230A8A910038DA83 /* LaunchScreen.storyboard in Resources */,
				4224A6EB230A8A910038DA83 /* Assets.xcassets in Resources */,
				4224A6E9230A8A900038DA83 /* Main.storyboard in Resources */,
			);
			runOnlyForDeploymentPostprocessing = 0;
		};
		4224A6F2230A8A920038DA83 /* Resources */ = {
			isa = PBXResourcesBuildPhase;
			buildActionMask = 2147483647;
			files = (
			);
			runOnlyForDeploymentPostprocessing = 0;
		};
		4224A6FD230A8A920038DA83 /* Resources */ = {
			isa = PBXResourcesBuildPhase;
			buildActionMask = 2147483647;
			files = (
			);
			runOnlyForDeploymentPostprocessing = 0;
		};
/* End PBXResourcesBuildPhase section */

/* Begin PBXSourcesBuildPhase section */
		4224A6DC230A8A900038DA83 /* Sources */ = {
			isa = PBXSourcesBuildPhase;
			buildActionMask = 2147483647;
			files = (
				4224A74C230AC0AD0038DA83 /* TableViewCell.swift in Sources */,
				4224A6E6230A8A900038DA83 /* ViewController.swift in Sources */,
				4DF438D5230BEDD5005FD1B0 /* Telephone.swift in Sources */,
				4224A6E4230A8A900038DA83 /* AppDelegate.swift in Sources */,
			);
			runOnlyForDeploymentPostprocessing = 0;
		};
		4224A6F0230A8A920038DA83 /* Sources */ = {
			isa = PBXSourcesBuildPhase;
			buildActionMask = 2147483647;
			files = (
				4224A6F9230A8A920038DA83 /* typesettingTests.swift in Sources */,
			);
			runOnlyForDeploymentPostprocessing = 0;
		};
		4224A6FB230A8A920038DA83 /* Sources */ = {
			isa = PBXSourcesBuildPhase;
			buildActionMask = 2147483647;
			files = (
				4224A704230A8A920038DA83 /* typesettingUITests.swift in Sources */,
			);
			runOnlyForDeploymentPostprocessing = 0;
		};
/* End PBXSourcesBuildPhase section */

/* Begin PBXTargetDependency section */
		4224A6F6230A8A920038DA83 /* PBXTargetDependency */ = {
			isa = PBXTargetDependency;
			target = 4224A6DF230A8A900038DA83 /* typesetting */;
			targetProxy = 4224A6F5230A8A920038DA83 /* PBXContainerItemProxy */;
		};
		4224A701230A8A920038DA83 /* PBXTargetDependency */ = {
			isa = PBXTargetDependency;
			target = 4224A6DF230A8A900038DA83 /* typesetting */;
			targetProxy = 4224A700230A8A920038DA83 /* PBXContainerItemProxy */;
		};
/* End PBXTargetDependency section */

/* Begin PBXVariantGroup section */
		4224A6E7230A8A900038DA83 /* Main.storyboard */ = {
			isa = PBXVariantGroup;
			children = (
				4224A6E8230A8A900038DA83 /* Base */,
			);
			name = Main.storyboard;
			sourceTree = "<group>";
		};
		4224A6EC230A8A910038DA83 /* LaunchScreen.storyboard */ = {
			isa = PBXVariantGroup;
			children = (
				4224A6ED230A8A910038DA83 /* Base */,
			);
			name = LaunchScreen.storyboard;
			sourceTree = "<group>";
		};
/* End PBXVariantGroup section */

/* Begin XCBuildConfiguration section */
		4224A706230A8A920038DA83 /* Debug */ = {
			isa = XCBuildConfiguration;
			buildSettings = {
				ALWAYS_SEARCH_USER_PATHS = NO;
				CLANG_ANALYZER_NONNULL = YES;
				CLANG_ANALYZER_NUMBER_OBJECT_CONVERSION = YES_AGGRESSIVE;
				CLANG_CXX_LANGUAGE_STANDARD = "gnu++14";
				CLANG_CXX_LIBRARY = "libc++";
				CLANG_ENABLE_MODULES = YES;
				CLANG_ENABLE_OBJC_ARC = YES;
				CLANG_ENABLE_OBJC_WEAK = YES;
				CLANG_WARN_BLOCK_CAPTURE_AUTORELEASING = YES;
				CLANG_WARN_BOOL_CONVERSION = YES;
				CLANG_WARN_COMMA = YES;
				CLANG_WARN_CONSTANT_CONVERSION = YES;
				CLANG_WARN_DEPRECATED_OBJC_IMPLEMENTATIONS = YES;
				CLANG_WARN_DIRECT_OBJC_ISA_USAGE = YES_ERROR;
				CLANG_WARN_DOCUMENTATION_COMMENTS = YES;
				CLANG_WARN_EMPTY_BODY = YES;
				CLANG_WARN_ENUM_CONVERSION = YES;
				CLANG_WARN_INFINITE_RECURSION = YES;
				CLANG_WARN_INT_CONVERSION = YES;
				CLANG_WARN_NON_LITERAL_NULL_CONVERSION = YES;
				CLANG_WARN_OBJC_IMPLICIT_RETAIN_SELF = YES;
				CLANG_WARN_OBJC_LITERAL_CONVERSION = YES;
				CLANG_WARN_OBJC_ROOT_CLASS = YES_ERROR;
				CLANG_WARN_RANGE_LOOP_ANALYSIS = YES;
				CLANG_WARN_STRICT_PROTOTYPES = YES;
				CLANG_WARN_SUSPICIOUS_MOVE = YES;
				CLANG_WARN_UNGUARDED_AVAILABILITY = YES_AGGRESSIVE;
				CLANG_WARN_UNREACHABLE_CODE = YES;
				CLANG_WARN__DUPLICATE_METHOD_MATCH = YES;
				CODE_SIGN_IDENTITY = "iPhone Developer";
				COPY_PHASE_STRIP = NO;
				DEBUG_INFORMATION_FORMAT = dwarf;
				ENABLE_STRICT_OBJC_MSGSEND = YES;
				ENABLE_TESTABILITY = YES;
				GCC_C_LANGUAGE_STANDARD = gnu11;
				GCC_DYNAMIC_NO_PIC = NO;
				GCC_NO_COMMON_BLOCKS = YES;
				GCC_OPTIMIZATION_LEVEL = 0;
				GCC_PREPROCESSOR_DEFINITIONS = (
					"DEBUG=1",
					"$(inherited)",
				);
				GCC_WARN_64_TO_32_BIT_CONVERSION = YES;
				GCC_WARN_ABOUT_RETURN_TYPE = YES_ERROR;
				GCC_WARN_UNDECLARED_SELECTOR = YES;
				GCC_WARN_UNINITIALIZED_AUTOS = YES_AGGRESSIVE;
				GCC_WARN_UNUSED_FUNCTION = YES;
				GCC_WARN_UNUSED_VARIABLE = YES;
				IPHONEOS_DEPLOYMENT_TARGET = 12.4;
				MTL_ENABLE_DEBUG_INFO = INCLUDE_SOURCE;
				MTL_FAST_MATH = YES;
				ONLY_ACTIVE_ARCH = YES;
				SDKROOT = iphoneos;
				SWIFT_ACTIVE_COMPILATION_CONDITIONS = DEBUG;
				SWIFT_OPTIMIZATION_LEVEL = "-Onone";
			};
			name = Debug;
		};
		4224A707230A8A920038DA83 /* Release */ = {
			isa = XCBuildConfiguration;
			buildSettings = {
				ALWAYS_SEARCH_USER_PATHS = NO;
				CLANG_ANALYZER_NONNULL = YES;
				CLANG_ANALYZER_NUMBER_OBJECT_CONVERSION = YES_AGGRESSIVE;
				CLANG_CXX_LANGUAGE_STANDARD = "gnu++14";
				CLANG_CXX_LIBRARY = "libc++";
				CLANG_ENABLE_MODULES = YES;
				CLANG_ENABLE_OBJC_ARC = YES;
				CLANG_ENABLE_OBJC_WEAK = YES;
				CLANG_WARN_BLOCK_CAPTURE_AUTORELEASING = YES;
				CLANG_WARN_BOOL_CONVERSION = YES;
				CLANG_WARN_COMMA = YES;
				CLANG_WARN_CONSTANT_CONVERSION = YES;
				CLANG_WARN_DEPRECATED_OBJC_IMPLEMENTATIONS = YES;
				CLANG_WARN_DIRECT_OBJC_ISA_USAGE = YES_ERROR;
				CLANG_WARN_DOCUMENTATION_COMMENTS = YES;
				CLANG_WARN_EMPTY_BODY = YES;
				CLANG_WARN_ENUM_CONVERSION = YES;
				CLANG_WARN_INFINITE_RECURSION = YES;
				CLANG_WARN_INT_CONVERSION = YES;
				CLANG_WARN_NON_LITERAL_NULL_CONVERSION = YES;
				CLANG_WARN_OBJC_IMPLICIT_RETAIN_SELF = YES;
				CLANG_WARN_OBJC_LITERAL_CONVERSION = YES;
				CLANG_WARN_OBJC_ROOT_CLASS = YES_ERROR;
				CLANG_WARN_RANGE_LOOP_ANALYSIS = YES;
				CLANG_WARN_STRICT_PROTOTYPES = YES;
				CLANG_WARN_SUSPICIOUS_MOVE = YES;
				CLANG_WARN_UNGUARDED_AVAILABILITY = YES_AGGRESSIVE;
				CLANG_WARN_UNREACHABLE_CODE = YES;
				CLANG_WARN__DUPLICATE_METHOD_MATCH = YES;
				CODE_SIGN_IDENTITY = "iPhone Developer";
				COPY_PHASE_STRIP = NO;
				DEBUG_INFORMATION_FORMAT = "dwarf-with-dsym";
				ENABLE_NS_ASSERTIONS = NO;
				ENABLE_STRICT_OBJC_MSGSEND = YES;
				GCC_C_LANGUAGE_STANDARD = gnu11;
				GCC_NO_COMMON_BLOCKS = YES;
				GCC_WARN_64_TO_32_BIT_CONVERSION = YES;
				GCC_WARN_ABOUT_RETURN_TYPE = YES_ERROR;
				GCC_WARN_UNDECLARED_SELECTOR = YES;
				GCC_WARN_UNINITIALIZED_AUTOS = YES_AGGRESSIVE;
				GCC_WARN_UNUSED_FUNCTION = YES;
				GCC_WARN_UNUSED_VARIABLE = YES;
				IPHONEOS_DEPLOYMENT_TARGET = 12.4;
				MTL_ENABLE_DEBUG_INFO = NO;
				MTL_FAST_MATH = YES;
				SDKROOT = iphoneos;
				SWIFT_COMPILATION_MODE = wholemodule;
				SWIFT_OPTIMIZATION_LEVEL = "-O";
				VALIDATE_PRODUCT = YES;
			};
			name = Release;
		};
		4224A709230A8A920038DA83 /* Debug */ = {
			isa = XCBuildConfiguration;
			buildSettings = {
				ASSETCATALOG_COMPILER_APPICON_NAME = AppIcon;
				CODE_SIGN_STYLE = Automatic;
				DEVELOPMENT_TEAM = MA9R2GMJHN;
				INFOPLIST_FILE = typesetting/Info.plist;
				IPHONEOS_DEPLOYMENT_TARGET = 12.2;
				LD_RUNPATH_SEARCH_PATHS = (
					"$(inherited)",
					"@executable_path/Frameworks",
				);
				PRODUCT_BUNDLE_IDENTIFIER = ru.saltykovaelizabeth.typesetting;
				PRODUCT_NAME = "$(TARGET_NAME)";
				SWIFT_VERSION = 5.0;
				TARGETED_DEVICE_FAMILY = "1,2";
			};
			name = Debug;
		};
		4224A70A230A8A920038DA83 /* Release */ = {
			isa = XCBuildConfiguration;
			buildSettings = {
				ASSETCATALOG_COMPILER_APPICON_NAME = AppIcon;
				CODE_SIGN_STYLE = Automatic;
				DEVELOPMENT_TEAM = MA9R2GMJHN;
				INFOPLIST_FILE = typesetting/Info.plist;
				IPHONEOS_DEPLOYMENT_TARGET = 12.2;
				LD_RUNPATH_SEARCH_PATHS = (
					"$(inherited)",
					"@executable_path/Frameworks",
				);
				PRODUCT_BUNDLE_IDENTIFIER = ru.saltykovaelizabeth.typesetting;
				PRODUCT_NAME = "$(TARGET_NAME)";
				SWIFT_VERSION = 5.0;
				TARGETED_DEVICE_FAMILY = "1,2";
			};
			name = Release;
		};
		4224A70C230A8A920038DA83 /* Debug */ = {
			isa = XCBuildConfiguration;
			buildSettings = {
				ALWAYS_EMBED_SWIFT_STANDARD_LIBRARIES = YES;
				BUNDLE_LOADER = "$(TEST_HOST)";
				CODE_SIGN_STYLE = Automatic;
				INFOPLIST_FILE = typesettingTests/Info.plist;
				IPHONEOS_DEPLOYMENT_TARGET = 12.2;
				LD_RUNPATH_SEARCH_PATHS = (
					"$(inherited)",
					"@executable_path/Frameworks",
					"@loader_path/Frameworks",
				);
				PRODUCT_BUNDLE_IDENTIFIER = ru.saltykovaelizabeth.typesettingTests;
				PRODUCT_NAME = "$(TARGET_NAME)";
				SWIFT_VERSION = 5.0;
				TARGETED_DEVICE_FAMILY = "1,2";
				TEST_HOST = "$(BUILT_PRODUCTS_DIR)/typesetting.app/typesetting";
			};
			name = Debug;
		};
		4224A70D230A8A920038DA83 /* Release */ = {
			isa = XCBuildConfiguration;
			buildSettings = {
				ALWAYS_EMBED_SWIFT_STANDARD_LIBRARIES = YES;
				BUNDLE_LOADER = "$(TEST_HOST)";
				CODE_SIGN_STYLE = Automatic;
				INFOPLIST_FILE = typesettingTests/Info.plist;
				IPHONEOS_DEPLOYMENT_TARGET = 12.2;
				LD_RUNPATH_SEARCH_PATHS = (
					"$(inherited)",
					"@executable_path/Frameworks",
					"@loader_path/Frameworks",
				);
				PRODUCT_BUNDLE_IDENTIFIER = ru.saltykovaelizabeth.typesettingTests;
				PRODUCT_NAME = "$(TARGET_NAME)";
				SWIFT_VERSION = 5.0;
				TARGETED_DEVICE_FAMILY = "1,2";
				TEST_HOST = "$(BUILT_PRODUCTS_DIR)/typesetting.app/typesetting";
			};
			name = Release;
		};
		4224A70F230A8A920038DA83 /* Debug */ = {
			isa = XCBuildConfiguration;
			buildSettings = {
				ALWAYS_EMBED_SWIFT_STANDARD_LIBRARIES = YES;
				CODE_SIGN_STYLE = Automatic;
				INFOPLIST_FILE = typesettingUITests/Info.plist;
				IPHONEOS_DEPLOYMENT_TARGET = 12.2;
				LD_RUNPATH_SEARCH_PATHS = (
					"$(inherited)",
					"@executable_path/Frameworks",
					"@loader_path/Frameworks",
				);
				PRODUCT_BUNDLE_IDENTIFIER = ru.saltykovaelizabeth.typesettingUITests;
				PRODUCT_NAME = "$(TARGET_NAME)";
				SWIFT_VERSION = 5.0;
				TARGETED_DEVICE_FAMILY = "1,2";
				TEST_TARGET_NAME = typesetting;
			};
			name = Debug;
		};
		4224A710230A8A920038DA83 /* Release */ = {
			isa = XCBuildConfiguration;
			buildSettings = {
				ALWAYS_EMBED_SWIFT_STANDARD_LIBRARIES = YES;
				CODE_SIGN_STYLE = Automatic;
				INFOPLIST_FILE = typesettingUITests/Info.plist;
				IPHONEOS_DEPLOYMENT_TARGET = 12.2;
				LD_RUNPATH_SEARCH_PATHS = (
					"$(inherited)",
					"@executable_path/Frameworks",
					"@loader_path/Frameworks",
				);
				PRODUCT_BUNDLE_IDENTIFIER = ru.saltykovaelizabeth.typesettingUITests;
				PRODUCT_NAME = "$(TARGET_NAME)";
				SWIFT_VERSION = 5.0;
				TARGETED_DEVICE_FAMILY = "1,2";
				TEST_TARGET_NAME = typesetting;
			};
			name = Release;
		};
/* End XCBuildConfiguration section */

/* Begin XCConfigurationList section */
		4224A6DB230A8A900038DA83 /* Build configuration list for PBXProject "typesetting" */ = {
			isa = XCConfigurationList;
			buildConfigurations = (
				4224A706230A8A920038DA83 /* Debug */,
				4224A707230A8A920038DA83 /* Release */,
			);
			defaultConfigurationIsVisible = 0;
			defaultConfigurationName = Release;
		};
		4224A708230A8A920038DA83 /* Build configuration list for PBXNativeTarget "typesetting" */ = {
			isa = XCConfigurationList;
			buildConfigurations = (
				4224A709230A8A920038DA83 /* Debug */,
				4224A70A230A8A920038DA83 /* Release */,
			);
			defaultConfigurationIsVisible = 0;
			defaultConfigurationName = Release;
		};
		4224A70B230A8A920038DA83 /* Build configuration list for PBXNativeTarget "typesettingTests" */ = {
			isa = XCConfigurationList;
			buildConfigurations = (
				4224A70C230A8A920038DA83 /* Debug */,
				4224A70D230A8A920038DA83 /* Release */,
			);
			defaultConfigurationIsVisible = 0;
			defaultConfigurationName = Release;
		};
		4224A70E230A8A920038DA83 /* Build configuration list for PBXNativeTarget "typesettingUITests" */ = {
			isa = XCConfigurationList;
			buildConfigurations = (
				4224A70F230A8A920038DA83 /* Debug */,
				4224A710230A8A920038DA83 /* Release */,
			);
			defaultConfigurationIsVisible = 0;
			defaultConfigurationName = Release;
		};
/* End XCConfigurationList section */
	};
	rootObject = 4224A6D8230A8A900038DA83 /* Project object */;
}
